
Microsoft Visual Studio Solution File, Format Version 12.00
# Visual Studio 15
VisualStudioVersion = 15.0.27428.2037
MinimumVisualStudioVersion = 10.0.40219.1
Project("{FAE04EC0-301F-11D3-BF4B-00C04F79EFBC}") = "AideDeJeu.Android", "AideDeJeu\AideDeJeu.Android\AideDeJeu.Android.csproj", "{BDDAC482-955C-42BE-A907-1CC62EE8D51C}"
EndProject
Project("{FAE04EC0-301F-11D3-BF4B-00C04F79EFBC}") = "AideDeJeu.iOS", "AideDeJeu\AideDeJeu.iOS\AideDeJeu.iOS.csproj", "{9878FADF-BAEA-4B9F-9DF0-A092439AF14D}"
EndProject
Project("{FAE04EC0-301F-11D3-BF4B-00C04F79EFBC}") = "AideDeJeu.UWP", "AideDeJeu\AideDeJeu.UWP\AideDeJeu.UWP.csproj", "{7E8B5E35-7000-487A-A5C6-E87376F81631}"
EndProject
Project("{FAE04EC0-301F-11D3-BF4B-00C04F79EFBC}") = "AideDeJeu", "AideDeJeu\AideDeJeu\AideDeJeu.csproj", "{C0597D88-5C09-4314-80A3-64712B02D0E9}"
EndProject
Project("{FAE04EC0-301F-11D3-BF4B-00C04F79EFBC}") = "AideDeJeuLib", "AideDeJeu\AideDeJeuLib\AideDeJeuLib.csproj", "{948BB32D-BAB8-485D-8A6F-BE5391E824A3}"
EndProject
Global
	GlobalSection(SolutionConfigurationPlatforms) = preSolution
		Ad-Hoc|Any CPU = Ad-Hoc|Any CPU
		Ad-Hoc|ARM = Ad-Hoc|ARM
		Ad-Hoc|iPhone = Ad-Hoc|iPhone
		Ad-Hoc|iPhoneSimulator = Ad-Hoc|iPhoneSimulator
		Ad-Hoc|x64 = Ad-Hoc|x64
		Ad-Hoc|x86 = Ad-Hoc|x86
		AppStore|Any CPU = AppStore|Any CPU
		AppStore|ARM = AppStore|ARM
		AppStore|iPhone = AppStore|iPhone
		AppStore|iPhoneSimulator = AppStore|iPhoneSimulator
		AppStore|x64 = AppStore|x64
		AppStore|x86 = AppStore|x86
		Debug|Any CPU = Debug|Any CPU
		Debug|ARM = Debug|ARM
		Debug|iPhone = Debug|iPhone
		Debug|iPhoneSimulator = Debug|iPhoneSimulator
		Debug|x64 = Debug|x64
		Debug|x86 = Debug|x86
		Release|Any CPU = Release|Any CPU
		Release|ARM = Release|ARM
		Release|iPhone = Release|iPhone
		Release|iPhoneSimulator = Release|iPhoneSimulator
		Release|x64 = Release|x64
		Release|x86 = Release|x86
	EndGlobalSection
	GlobalSection(ProjectConfigurationPlatforms) = postSolution
		{BDDAC482-955C-42BE-A907-1CC62EE8D51C}.Ad-Hoc|Any CPU.ActiveCfg = Release|Any CPU
		{BDDAC482-955C-42BE-A907-1CC62EE8D51C}.Ad-Hoc|Any CPU.Build.0 = Release|Any CPU
		{BDDAC482-955C-42BE-A907-1CC62EE8D51C}.Ad-Hoc|Any CPU.Deploy.0 = Release|Any CPU
		{BDDAC482-955C-42BE-A907-1CC62EE8D51C}.Ad-Hoc|ARM.ActiveCfg = Release|Any CPU
		{BDDAC482-955C-42BE-A907-1CC62EE8D51C}.Ad-Hoc|ARM.Build.0 = Release|Any CPU
		{BDDAC482-955C-42BE-A907-1CC62EE8D51C}.Ad-Hoc|ARM.Deploy.0 = Release|Any CPU
		{BDDAC482-955C-42BE-A907-1CC62EE8D51C}.Ad-Hoc|iPhone.ActiveCfg = Release|Any CPU
		{BDDAC482-955C-42BE-A907-1CC62EE8D51C}.Ad-Hoc|iPhone.Build.0 = Release|Any CPU
		{BDDAC482-955C-42BE-A907-1CC62EE8D51C}.Ad-Hoc|iPhone.Deploy.0 = Release|Any CPU
		{BDDAC482-955C-42BE-A907-1CC62EE8D51C}.Ad-Hoc|iPhoneSimulator.ActiveCfg = Release|Any CPU
		{BDDAC482-955C-42BE-A907-1CC62EE8D51C}.Ad-Hoc|iPhoneSimulator.Build.0 = Release|Any CPU
		{BDDAC482-955C-42BE-A907-1CC62EE8D51C}.Ad-Hoc|iPhoneSimulator.Deploy.0 = Release|Any CPU
		{BDDAC482-955C-42BE-A907-1CC62EE8D51C}.Ad-Hoc|x64.ActiveCfg = Release|Any CPU
		{BDDAC482-955C-42BE-A907-1CC62EE8D51C}.Ad-Hoc|x64.Build.0 = Release|Any CPU
		{BDDAC482-955C-42BE-A907-1CC62EE8D51C}.Ad-Hoc|x64.Deploy.0 = Release|Any CPU
		{BDDAC482-955C-42BE-A907-1CC62EE8D51C}.Ad-Hoc|x86.ActiveCfg = Release|Any CPU
		{BDDAC482-955C-42BE-A907-1CC62EE8D51C}.Ad-Hoc|x86.Build.0 = Release|Any CPU
		{BDDAC482-955C-42BE-A907-1CC62EE8D51C}.Ad-Hoc|x86.Deploy.0 = Release|Any CPU
		{BDDAC482-955C-42BE-A907-1CC62EE8D51C}.AppStore|Any CPU.ActiveCfg = Release|Any CPU
		{BDDAC482-955C-42BE-A907-1CC62EE8D51C}.AppStore|Any CPU.Build.0 = Release|Any CPU
		{BDDAC482-955C-42BE-A907-1CC62EE8D51C}.AppStore|Any CPU.Deploy.0 = Release|Any CPU
		{BDDAC482-955C-42BE-A907-1CC62EE8D51C}.AppStore|ARM.ActiveCfg = Release|Any CPU
		{BDDAC482-955C-42BE-A907-1CC62EE8D51C}.AppStore|ARM.Build.0 = Release|Any CPU
		{BDDAC482-955C-42BE-A907-1CC62EE8D51C}.AppStore|ARM.Deploy.0 = Release|Any CPU
		{BDDAC482-955C-42BE-A907-1CC62EE8D51C}.AppStore|iPhone.ActiveCfg = Release|Any CPU
		{BDDAC482-955C-42BE-A907-1CC62EE8D51C}.AppStore|iPhone.Build.0 = Release|Any CPU
		{BDDAC482-955C-42BE-A907-1CC62EE8D51C}.AppStore|iPhone.Deploy.0 = Release|Any CPU
		{BDDAC482-955C-42BE-A907-1CC62EE8D51C}.AppStore|iPhoneSimulator.ActiveCfg = Release|Any CPU
		{BDDAC482-955C-42BE-A907-1CC62EE8D51C}.AppStore|iPhoneSimulator.Build.0 = Release|Any CPU
		{BDDAC482-955C-42BE-A907-1CC62EE8D51C}.AppStore|iPhoneSimulator.Deploy.0 = Release|Any CPU
		{BDDAC482-955C-42BE-A907-1CC62EE8D51C}.AppStore|x64.ActiveCfg = Release|Any CPU
		{BDDAC482-955C-42BE-A907-1CC62EE8D51C}.AppStore|x64.Build.0 = Release|Any CPU
		{BDDAC482-955C-42BE-A907-1CC62EE8D51C}.AppStore|x64.Deploy.0 = Release|Any CPU
		{BDDAC482-955C-42BE-A907-1CC62EE8D51C}.AppStore|x86.ActiveCfg = Release|Any CPU
		{BDDAC482-955C-42BE-A907-1CC62EE8D51C}.AppStore|x86.Build.0 = Release|Any CPU
		{BDDAC482-955C-42BE-A907-1CC62EE8D51C}.AppStore|x86.Deploy.0 = Release|Any CPU
		{BDDAC482-955C-42BE-A907-1CC62EE8D51C}.Debug|Any CPU.ActiveCfg = Debug|Any CPU
		{BDDAC482-955C-42BE-A907-1CC62EE8D51C}.Debug|Any CPU.Build.0 = Debug|Any CPU
		{BDDAC482-955C-42BE-A907-1CC62EE8D51C}.Debug|Any CPU.Deploy.0 = Debug|Any CPU
		{BDDAC482-955C-42BE-A907-1CC62EE8D51C}.Debug|ARM.ActiveCfg = Debug|Any CPU
		{BDDAC482-955C-42BE-A907-1CC62EE8D51C}.Debug|ARM.Build.0 = Debug|Any CPU
		{BDDAC482-955C-42BE-A907-1CC62EE8D51C}.Debug|ARM.Deploy.0 = Debug|Any CPU
		{BDDAC482-955C-42BE-A907-1CC62EE8D51C}.Debug|iPhone.ActiveCfg = Debug|Any CPU
		{BDDAC482-955C-42BE-A907-1CC62EE8D51C}.Debug|iPhone.Build.0 = Debug|Any CPU
		{BDDAC482-955C-42BE-A907-1CC62EE8D51C}.Debug|iPhone.Deploy.0 = Debug|Any CPU
		{BDDAC482-955C-42BE-A907-1CC62EE8D51C}.Debug|iPhoneSimulator.ActiveCfg = Debug|Any CPU
		{BDDAC482-955C-42BE-A907-1CC62EE8D51C}.Debug|iPhoneSimulator.Build.0 = Debug|Any CPU
		{BDDAC482-955C-42BE-A907-1CC62EE8D51C}.Debug|iPhoneSimulator.Deploy.0 = Debug|Any CPU
		{BDDAC482-955C-42BE-A907-1CC62EE8D51C}.Debug|x64.ActiveCfg = Debug|Any CPU
		{BDDAC482-955C-42BE-A907-1CC62EE8D51C}.Debug|x64.Build.0 = Debug|Any CPU
		{BDDAC482-955C-42BE-A907-1CC62EE8D51C}.Debug|x64.Deploy.0 = Debug|Any CPU
		{BDDAC482-955C-42BE-A907-1CC62EE8D51C}.Debug|x86.ActiveCfg = Debug|Any CPU
		{BDDAC482-955C-42BE-A907-1CC62EE8D51C}.Debug|x86.Build.0 = Debug|Any CPU
		{BDDAC482-955C-42BE-A907-1CC62EE8D51C}.Debug|x86.Deploy.0 = Debug|Any CPU
		{BDDAC482-955C-42BE-A907-1CC62EE8D51C}.Release|Any CPU.ActiveCfg = Release|Any CPU
		{BDDAC482-955C-42BE-A907-1CC62EE8D51C}.Release|Any CPU.Build.0 = Release|Any CPU
		{BDDAC482-955C-42BE-A907-1CC62EE8D51C}.Release|Any CPU.Deploy.0 = Release|Any CPU
		{BDDAC482-955C-42BE-A907-1CC62EE8D51C}.Release|ARM.ActiveCfg = Release|Any CPU
		{BDDAC482-955C-42BE-A907-1CC62EE8D51C}.Release|ARM.Build.0 = Release|Any CPU
		{BDDAC482-955C-42BE-A907-1CC62EE8D51C}.Release|ARM.Deploy.0 = Release|Any CPU
		{BDDAC482-955C-42BE-A907-1CC62EE8D51C}.Release|iPhone.ActiveCfg = Release|Any CPU
		{BDDAC482-955C-42BE-A907-1CC62EE8D51C}.Release|iPhone.Build.0 = Release|Any CPU
		{BDDAC482-955C-42BE-A907-1CC62EE8D51C}.Release|iPhone.Deploy.0 = Release|Any CPU
		{BDDAC482-955C-42BE-A907-1CC62EE8D51C}.Release|iPhoneSimulator.ActiveCfg = Release|Any CPU
		{BDDAC482-955C-42BE-A907-1CC62EE8D51C}.Release|iPhoneSimulator.Build.0 = Release|Any CPU
		{BDDAC482-955C-42BE-A907-1CC62EE8D51C}.Release|iPhoneSimulator.Deploy.0 = Release|Any CPU
		{BDDAC482-955C-42BE-A907-1CC62EE8D51C}.Release|x64.ActiveCfg = Release|Any CPU
		{BDDAC482-955C-42BE-A907-1CC62EE8D51C}.Release|x64.Build.0 = Release|Any CPU
		{BDDAC482-955C-42BE-A907-1CC62EE8D51C}.Release|x64.Deploy.0 = Release|Any CPU
		{BDDAC482-955C-42BE-A907-1CC62EE8D51C}.Release|x86.ActiveCfg = Release|Any CPU
		{BDDAC482-955C-42BE-A907-1CC62EE8D51C}.Release|x86.Build.0 = Release|Any CPU
		{BDDAC482-955C-42BE-A907-1CC62EE8D51C}.Release|x86.Deploy.0 = Release|Any CPU
		{9878FADF-BAEA-4B9F-9DF0-A092439AF14D}.Ad-Hoc|Any CPU.ActiveCfg = Ad-Hoc|iPhone
		{9878FADF-BAEA-4B9F-9DF0-A092439AF14D}.Ad-Hoc|ARM.ActiveCfg = Ad-Hoc|iPhone
		{9878FADF-BAEA-4B9F-9DF0-A092439AF14D}.Ad-Hoc|iPhone.ActiveCfg = Ad-Hoc|iPhone
		{9878FADF-BAEA-4B9F-9DF0-A092439AF14D}.Ad-Hoc|iPhone.Build.0 = Ad-Hoc|iPhone
		{9878FADF-BAEA-4B9F-9DF0-A092439AF14D}.Ad-Hoc|iPhoneSimulator.ActiveCfg = Ad-Hoc|iPhoneSimulator
		{9878FADF-BAEA-4B9F-9DF0-A092439AF14D}.Ad-Hoc|iPhoneSimulator.Build.0 = Ad-Hoc|iPhoneSimulator
		{9878FADF-BAEA-4B9F-9DF0-A092439AF14D}.Ad-Hoc|x64.ActiveCfg = Ad-Hoc|iPhone
		{9878FADF-BAEA-4B9F-9DF0-A092439AF14D}.Ad-Hoc|x86.ActiveCfg = Ad-Hoc|iPhone
		{9878FADF-BAEA-4B9F-9DF0-A092439AF14D}.AppStore|Any CPU.ActiveCfg = AppStore|iPhone
		{9878FADF-BAEA-4B9F-9DF0-A092439AF14D}.AppStore|ARM.ActiveCfg = AppStore|iPhone
		{9878FADF-BAEA-4B9F-9DF0-A092439AF14D}.AppStore|iPhone.ActiveCfg = AppStore|iPhone
		{9878FADF-BAEA-4B9F-9DF0-A092439AF14D}.AppStore|iPhone.Build.0 = AppStore|iPhone
		{9878FADF-BAEA-4B9F-9DF0-A092439AF14D}.AppStore|iPhoneSimulator.ActiveCfg = AppStore|iPhoneSimulator
		{9878FADF-BAEA-4B9F-9DF0-A092439AF14D}.AppStore|iPhoneSimulator.Build.0 = AppStore|iPhoneSimulator
		{9878FADF-BAEA-4B9F-9DF0-A092439AF14D}.AppStore|x64.ActiveCfg = AppStore|iPhone
		{9878FADF-BAEA-4B9F-9DF0-A092439AF14D}.AppStore|x86.ActiveCfg = AppStore|iPhone
		{9878FADF-BAEA-4B9F-9DF0-A092439AF14D}.Debug|Any CPU.ActiveCfg = Debug|iPhone
		{9878FADF-BAEA-4B9F-9DF0-A092439AF14D}.Debug|ARM.ActiveCfg = Debug|iPhone
		{9878FADF-BAEA-4B9F-9DF0-A092439AF14D}.Debug|iPhone.ActiveCfg = Debug|iPhone
		{9878FADF-BAEA-4B9F-9DF0-A092439AF14D}.Debug|iPhone.Build.0 = Debug|iPhone
		{9878FADF-BAEA-4B9F-9DF0-A092439AF14D}.Debug|iPhoneSimulator.ActiveCfg = Debug|iPhoneSimulator
		{9878FADF-BAEA-4B9F-9DF0-A092439AF14D}.Debug|iPhoneSimulator.Build.0 = Debug|iPhoneSimulator
		{9878FADF-BAEA-4B9F-9DF0-A092439AF14D}.Debug|x64.ActiveCfg = Debug|iPhone
		{9878FADF-BAEA-4B9F-9DF0-A092439AF14D}.Debug|x86.ActiveCfg = Debug|iPhone
		{9878FADF-BAEA-4B9F-9DF0-A092439AF14D}.Release|Any CPU.ActiveCfg = Release|iPhone
		{9878FADF-BAEA-4B9F-9DF0-A092439AF14D}.Release|ARM.ActiveCfg = Release|iPhone
		{9878FADF-BAEA-4B9F-9DF0-A092439AF14D}.Release|iPhone.ActiveCfg = Release|iPhone
		{9878FADF-BAEA-4B9F-9DF0-A092439AF14D}.Release|iPhone.Build.0 = Release|iPhone
		{9878FADF-BAEA-4B9F-9DF0-A092439AF14D}.Release|iPhoneSimulator.ActiveCfg = Release|iPhoneSimulator
		{9878FADF-BAEA-4B9F-9DF0-A092439AF14D}.Release|iPhoneSimulator.Build.0 = Release|iPhoneSimulator
		{9878FADF-BAEA-4B9F-9DF0-A092439AF14D}.Release|x64.ActiveCfg = Release|iPhone
		{9878FADF-BAEA-4B9F-9DF0-A092439AF14D}.Release|x86.ActiveCfg = Release|iPhone
		{7E8B5E35-7000-487A-A5C6-E87376F81631}.Ad-Hoc|Any CPU.ActiveCfg = Release|x86
		{7E8B5E35-7000-487A-A5C6-E87376F81631}.Ad-Hoc|Any CPU.Build.0 = Release|x86
		{7E8B5E35-7000-487A-A5C6-E87376F81631}.Ad-Hoc|Any CPU.Deploy.0 = Release|x86
		{7E8B5E35-7000-487A-A5C6-E87376F81631}.Ad-Hoc|ARM.ActiveCfg = Release|ARM
		{7E8B5E35-7000-487A-A5C6-E87376F81631}.Ad-Hoc|ARM.Build.0 = Release|ARM
		{7E8B5E35-7000-487A-A5C6-E87376F81631}.Ad-Hoc|ARM.Deploy.0 = Release|ARM
		{7E8B5E35-7000-487A-A5C6-E87376F81631}.Ad-Hoc|iPhone.ActiveCfg = Release|x86
		{7E8B5E35-7000-487A-A5C6-E87376F81631}.Ad-Hoc|iPhone.Build.0 = Release|x86
		{7E8B5E35-7000-487A-A5C6-E87376F81631}.Ad-Hoc|iPhone.Deploy.0 = Release|x86
		{7E8B5E35-7000-487A-A5C6-E87376F81631}.Ad-Hoc|iPhoneSimulator.ActiveCfg = Release|x86
		{7E8B5E35-7000-487A-A5C6-E87376F81631}.Ad-Hoc|iPhoneSimulator.Build.0 = Release|x86
		{7E8B5E35-7000-487A-A5C6-E87376F81631}.Ad-Hoc|iPhoneSimulator.Deploy.0 = Release|x86
		{7E8B5E35-7000-487A-A5C6-E87376F81631}.Ad-Hoc|x64.ActiveCfg = Release|x64
		{7E8B5E35-7000-487A-A5C6-E87376F81631}.Ad-Hoc|x64.Build.0 = Release|x64
		{7E8B5E35-7000-487A-A5C6-E87376F81631}.Ad-Hoc|x64.Deploy.0 = Release|x64
		{7E8B5E35-7000-487A-A5C6-E87376F81631}.Ad-Hoc|x86.ActiveCfg = Release|x86
		{7E8B5E35-7000-487A-A5C6-E87376F81631}.Ad-Hoc|x86.Build.0 = Release|x86
		{7E8B5E35-7000-487A-A5C6-E87376F81631}.Ad-Hoc|x86.Deploy.0 = Release|x86
		{7E8B5E35-7000-487A-A5C6-E87376F81631}.AppStore|Any CPU.ActiveCfg = Release|x86
		{7E8B5E35-7000-487A-A5C6-E87376F81631}.AppStore|Any CPU.Build.0 = Release|x86
		{7E8B5E35-7000-487A-A5C6-E87376F81631}.AppStore|Any CPU.Deploy.0 = Release|x86
		{7E8B5E35-7000-487A-A5C6-E87376F81631}.AppStore|ARM.ActiveCfg = Release|ARM
		{7E8B5E35-7000-487A-A5C6-E87376F81631}.AppStore|ARM.Build.0 = Release|ARM
		{7E8B5E35-7000-487A-A5C6-E87376F81631}.AppStore|ARM.Deploy.0 = Release|ARM
		{7E8B5E35-7000-487A-A5C6-E87376F81631}.AppStore|iPhone.ActiveCfg = Release|x86
		{7E8B5E35-7000-487A-A5C6-E87376F81631}.AppStore|iPhone.Build.0 = Release|x86
		{7E8B5E35-7000-487A-A5C6-E87376F81631}.AppStore|iPhone.Deploy.0 = Release|x86
		{7E8B5E35-7000-487A-A5C6-E87376F81631}.AppStore|iPhoneSimulator.ActiveCfg = Release|x86
		{7E8B5E35-7000-487A-A5C6-E87376F81631}.AppStore|iPhoneSimulator.Build.0 = Release|x86
		{7E8B5E35-7000-487A-A5C6-E87376F81631}.AppStore|iPhoneSimulator.Deploy.0 = Release|x86
		{7E8B5E35-7000-487A-A5C6-E87376F81631}.AppStore|x64.ActiveCfg = Release|x64
		{7E8B5E35-7000-487A-A5C6-E87376F81631}.AppStore|x64.Build.0 = Release|x64
		{7E8B5E35-7000-487A-A5C6-E87376F81631}.AppStore|x64.Deploy.0 = Release|x64
		{7E8B5E35-7000-487A-A5C6-E87376F81631}.AppStore|x86.ActiveCfg = Release|x86
		{7E8B5E35-7000-487A-A5C6-E87376F81631}.AppStore|x86.Build.0 = Release|x86
		{7E8B5E35-7000-487A-A5C6-E87376F81631}.AppStore|x86.Deploy.0 = Release|x86
		{7E8B5E35-7000-487A-A5C6-E87376F81631}.Debug|Any CPU.ActiveCfg = Debug|x86
		{7E8B5E35-7000-487A-A5C6-E87376F81631}.Debug|ARM.ActiveCfg = Debug|ARM
		{7E8B5E35-7000-487A-A5C6-E87376F81631}.Debug|ARM.Build.0 = Debug|ARM
		{7E8B5E35-7000-487A-A5C6-E87376F81631}.Debug|ARM.Deploy.0 = Debug|ARM
		{7E8B5E35-7000-487A-A5C6-E87376F81631}.Debug|iPhone.ActiveCfg = Debug|x86
		{7E8B5E35-7000-487A-A5C6-E87376F81631}.Debug|iPhoneSimulator.ActiveCfg = Debug|x86
		{7E8B5E35-7000-487A-A5C6-E87376F81631}.Debug|x64.ActiveCfg = Debug|x64
		{7E8B5E35-7000-487A-A5C6-E87376F81631}.Debug|x64.Build.0 = Debug|x64
		{7E8B5E35-7000-487A-A5C6-E87376F81631}.Debug|x64.Deploy.0 = Debug|x64
		{7E8B5E35-7000-487A-A5C6-E87376F81631}.Debug|x86.ActiveCfg = Debug|x86
		{7E8B5E35-7000-487A-A5C6-E87376F81631}.Debug|x86.Build.0 = Debug|x86
		{7E8B5E35-7000-487A-A5C6-E87376F81631}.Debug|x86.Deploy.0 = Debug|x86
		{7E8B5E35-7000-487A-A5C6-E87376F81631}.Release|Any CPU.ActiveCfg = Release|x86
		{7E8B5E35-7000-487A-A5C6-E87376F81631}.Release|ARM.ActiveCfg = Release|ARM
		{7E8B5E35-7000-487A-A5C6-E87376F81631}.Release|ARM.Build.0 = Release|ARM
		{7E8B5E35-7000-487A-A5C6-E87376F81631}.Release|ARM.Deploy.0 = Release|ARM
		{7E8B5E35-7000-487A-A5C6-E87376F81631}.Release|iPhone.ActiveCfg = Release|x86
		{7E8B5E35-7000-487A-A5C6-E87376F81631}.Release|iPhoneSimulator.ActiveCfg = Release|x86
		{7E8B5E35-7000-487A-A5C6-E87376F81631}.Release|x64.ActiveCfg = Release|x64
		{7E8B5E35-7000-487A-A5C6-E87376F81631}.Release|x64.Build.0 = Release|x64
		{7E8B5E35-7000-487A-A5C6-E87376F81631}.Release|x64.Deploy.0 = Release|x64
		{7E8B5E35-7000-487A-A5C6-E87376F81631}.Release|x86.ActiveCfg = Release|x86
		{7E8B5E35-7000-487A-A5C6-E87376F81631}.Release|x86.Build.0 = Release|x86
		{7E8B5E35-7000-487A-A5C6-E87376F81631}.Release|x86.Deploy.0 = Release|x86
		{C0597D88-5C09-4314-80A3-64712B02D0E9}.Ad-Hoc|Any CPU.ActiveCfg = Debug|Any CPU
		{C0597D88-5C09-4314-80A3-64712B02D0E9}.Ad-Hoc|Any CPU.Build.0 = Debug|Any CPU
		{C0597D88-5C09-4314-80A3-64712B02D0E9}.Ad-Hoc|ARM.ActiveCfg = Debug|Any CPU
		{C0597D88-5C09-4314-80A3-64712B02D0E9}.Ad-Hoc|ARM.Build.0 = Debug|Any CPU
		{C0597D88-5C09-4314-80A3-64712B02D0E9}.Ad-Hoc|iPhone.ActiveCfg = Debug|Any CPU
		{C0597D88-5C09-4314-80A3-64712B02D0E9}.Ad-Hoc|iPhone.Build.0 = Debug|Any CPU
		{C0597D88-5C09-4314-80A3-64712B02D0E9}.Ad-Hoc|iPhoneSimulator.ActiveCfg = Debug|Any CPU
		{C0597D88-5C09-4314-80A3-64712B02D0E9}.Ad-Hoc|iPhoneSimulator.Build.0 = Debug|Any CPU
		{C0597D88-5C09-4314-80A3-64712B02D0E9}.Ad-Hoc|x64.ActiveCfg = Debug|Any CPU
		{C0597D88-5C09-4314-80A3-64712B02D0E9}.Ad-Hoc|x64.Build.0 = Debug|Any CPU
		{C0597D88-5C09-4314-80A3-64712B02D0E9}.Ad-Hoc|x86.ActiveCfg = Debug|Any CPU
		{C0597D88-5C09-4314-80A3-64712B02D0E9}.Ad-Hoc|x86.Build.0 = Debug|Any CPU
		{C0597D88-5C09-4314-80A3-64712B02D0E9}.AppStore|Any CPU.ActiveCfg = Debug|Any CPU
		{C0597D88-5C09-4314-80A3-64712B02D0E9}.AppStore|Any CPU.Build.0 = Debug|Any CPU
		{C0597D88-5C09-4314-80A3-64712B02D0E9}.AppStore|ARM.ActiveCfg = Debug|Any CPU
		{C0597D88-5C09-4314-80A3-64712B02D0E9}.AppStore|ARM.Build.0 = Debug|Any CPU
		{C0597D88-5C09-4314-80A3-64712B02D0E9}.AppStore|iPhone.ActiveCfg = Debug|Any CPU
		{C0597D88-5C09-4314-80A3-64712B02D0E9}.AppStore|iPhone.Build.0 = Debug|Any CPU
		{C0597D88-5C09-4314-80A3-64712B02D0E9}.AppStore|iPhoneSimulator.ActiveCfg = Debug|Any CPU
		{C0597D88-5C09-4314-80A3-64712B02D0E9}.AppStore|iPhoneSimulator.Build.0 = Debug|Any CPU
		{C0597D88-5C09-4314-80A3-64712B02D0E9}.AppStore|x64.ActiveCfg = Debug|Any CPU
		{C0597D88-5C09-4314-80A3-64712B02D0E9}.AppStore|x64.Build.0 = Debug|Any CPU
		{C0597D88-5C09-4314-80A3-64712B02D0E9}.AppStore|x86.ActiveCfg = Debug|Any CPU
		{C0597D88-5C09-4314-80A3-64712B02D0E9}.AppStore|x86.Build.0 = Debug|Any CPU
		{C0597D88-5C09-4314-80A3-64712B02D0E9}.Debug|Any CPU.ActiveCfg = Debug|Any CPU
		{C0597D88-5C09-4314-80A3-64712B02D0E9}.Debug|Any CPU.Build.0 = Debug|Any CPU
		{C0597D88-5C09-4314-80A3-64712B02D0E9}.Debug|ARM.ActiveCfg = Debug|Any CPU
		{C0597D88-5C09-4314-80A3-64712B02D0E9}.Debug|ARM.Build.0 = Debug|Any CPU
		{C0597D88-5C09-4314-80A3-64712B02D0E9}.Debug|iPhone.ActiveCfg = Debug|Any CPU
		{C0597D88-5C09-4314-80A3-64712B02D0E9}.Debug|iPhone.Build.0 = Debug|Any CPU
		{C0597D88-5C09-4314-80A3-64712B02D0E9}.Debug|iPhoneSimulator.ActiveCfg = Debug|Any CPU
		{C0597D88-5C09-4314-80A3-64712B02D0E9}.Debug|iPhoneSimulator.Build.0 = Debug|Any CPU
		{C0597D88-5C09-4314-80A3-64712B02D0E9}.Debug|x64.ActiveCfg = Debug|Any CPU
		{C0597D88-5C09-4314-80A3-64712B02D0E9}.Debug|x64.Build.0 = Debug|Any CPU
		{C0597D88-5C09-4314-80A3-64712B02D0E9}.Debug|x86.ActiveCfg = Debug|Any CPU
		{C0597D88-5C09-4314-80A3-64712B02D0E9}.Debug|x86.Build.0 = Debug|Any CPU
		{C0597D88-5C09-4314-80A3-64712B02D0E9}.Release|Any CPU.ActiveCfg = Release|Any CPU
		{C0597D88-5C09-4314-80A3-64712B02D0E9}.Release|Any CPU.Build.0 = Release|Any CPU
		{C0597D88-5C09-4314-80A3-64712B02D0E9}.Release|ARM.ActiveCfg = Release|Any CPU
		{C0597D88-5C09-4314-80A3-64712B02D0E9}.Release|ARM.Build.0 = Release|Any CPU
		{C0597D88-5C09-4314-80A3-64712B02D0E9}.Release|iPhone.ActiveCfg = Release|Any CPU
		{C0597D88-5C09-4314-80A3-64712B02D0E9}.Release|iPhone.Build.0 = Release|Any CPU
		{C0597D88-5C09-4314-80A3-64712B02D0E9}.Release|iPhoneSimulator.ActiveCfg = Release|Any CPU
		{C0597D88-5C09-4314-80A3-64712B02D0E9}.Release|iPhoneSimulator.Build.0 = Release|Any CPU
		{C0597D88-5C09-4314-80A3-64712B02D0E9}.Release|x64.ActiveCfg = Release|Any CPU
		{C0597D88-5C09-4314-80A3-64712B02D0E9}.Release|x64.Build.0 = Release|Any CPU
		{C0597D88-5C09-4314-80A3-64712B02D0E9}.Release|x86.ActiveCfg = Release|Any CPU
		{C0597D88-5C09-4314-80A3-64712B02D0E9}.Release|x86.Build.0 = Release|Any CPU
		{948BB32D-BAB8-485D-8A6F-BE5391E824A3}.Ad-Hoc|Any CPU.ActiveCfg = Debug|Any CPU
		{948BB32D-BAB8-485D-8A6F-BE5391E824A3}.Ad-Hoc|Any CPU.Build.0 = Debug|Any CPU
		{948BB32D-BAB8-485D-8A6F-BE5391E824A3}.Ad-Hoc|ARM.ActiveCfg = Debug|Any CPU
		{948BB32D-BAB8-485D-8A6F-BE5391E824A3}.Ad-Hoc|ARM.Build.0 = Debug|Any CPU
		{948BB32D-BAB8-485D-8A6F-BE5391E824A3}.Ad-Hoc|iPhone.ActiveCfg = Debug|Any CPU
		{948BB32D-BAB8-485D-8A6F-BE5391E824A3}.Ad-Hoc|iPhone.Build.0 = Debug|Any CPU
		{948BB32D-BAB8-485D-8A6F-BE5391E824A3}.Ad-Hoc|iPhoneSimulator.ActiveCfg = Debug|Any CPU
		{948BB32D-BAB8-485D-8A6F-BE5391E824A3}.Ad-Hoc|iPhoneSimulator.Build.0 = Debug|Any CPU
		{948BB32D-BAB8-485D-8A6F-BE5391E824A3}.Ad-Hoc|x64.ActiveCfg = Debug|Any CPU
		{948BB32D-BAB8-485D-8A6F-BE5391E824A3}.Ad-Hoc|x64.Build.0 = Debug|Any CPU
		{948BB32D-BAB8-485D-8A6F-BE5391E824A3}.Ad-Hoc|x86.ActiveCfg = Debug|Any CPU
		{948BB32D-BAB8-485D-8A6F-BE5391E824A3}.Ad-Hoc|x86.Build.0 = Debug|Any CPU
		{948BB32D-BAB8-485D-8A6F-BE5391E824A3}.AppStore|Any CPU.ActiveCfg = Debug|Any CPU
		{948BB32D-BAB8-485D-8A6F-BE5391E824A3}.AppStore|Any CPU.Build.0 = Debug|Any CPU
		{948BB32D-BAB8-485D-8A6F-BE5391E824A3}.AppStore|ARM.ActiveCfg = Debug|Any CPU
		{948BB32D-BAB8-485D-8A6F-BE5391E824A3}.AppStore|ARM.Build.0 = Debug|Any CPU
		{948BB32D-BAB8-485D-8A6F-BE5391E824A3}.AppStore|iPhone.ActiveCfg = Debug|Any CPU
		{948BB32D-BAB8-485D-8A6F-BE5391E824A3}.AppStore|iPhone.Build.0 = Debug|Any CPU
		{948BB32D-BAB8-485D-8A6F-BE5391E824A3}.AppStore|iPhoneSimulator.ActiveCfg = Debug|Any CPU
		{948BB32D-BAB8-485D-8A6F-BE5391E824A3}.AppStore|iPhoneSimulator.Build.0 = Debug|Any CPU
		{948BB32D-BAB8-485D-8A6F-BE5391E824A3}.AppStore|x64.ActiveCfg = Debug|Any CPU
		{948BB32D-BAB8-485D-8A6F-BE5391E824A3}.AppStore|x64.Build.0 = Debug|Any CPU
		{948BB32D-BAB8-485D-8A6F-BE5391E824A3}.AppStore|x86.ActiveCfg = Debug|Any CPU
		{948BB32D-BAB8-485D-8A6F-BE5391E824A3}.AppStore|x86.Build.0 = Debug|Any CPU
		{948BB32D-BAB8-485D-8A6F-BE5391E824A3}.Debug|Any CPU.ActiveCfg = Debug|Any CPU
		{948BB32D-BAB8-485D-8A6F-BE5391E824A3}.Debug|Any CPU.Build.0 = Debug|Any CPU
		{948BB32D-BAB8-485D-8A6F-BE5391E824A3}.Debug|ARM.ActiveCfg = Debug|Any CPU
		{948BB32D-BAB8-485D-8A6F-BE5391E824A3}.Debug|ARM.Build.0 = Debug|Any CPU
		{948BB32D-BAB8-485D-8A6F-BE5391E824A3}.Debug|iPhone.ActiveCfg = Debug|Any CPU
		{948BB32D-BAB8-485D-8A6F-BE5391E824A3}.Debug|iPhone.Build.0 = Debug|Any CPU
		{948BB32D-BAB8-485D-8A6F-BE5391E824A3}.Debug|iPhoneSimulator.ActiveCfg = Debug|Any CPU
		{948BB32D-BAB8-485D-8A6F-BE5391E824A3}.Debug|iPhoneSimulator.Build.0 = Debug|Any CPU
		{948BB32D-BAB8-485D-8A6F-BE5391E824A3}.Debug|x64.ActiveCfg = Debug|Any CPU
		{948BB32D-BAB8-485D-8A6F-BE5391E824A3}.Debug|x64.Build.0 = Debug|Any CPU
		{948BB32D-BAB8-485D-8A6F-BE5391E824A3}.Debug|x86.ActiveCfg = Debug|Any CPU
		{948BB32D-BAB8-485D-8A6F-BE5391E824A3}.Debug|x86.Build.0 = Debug|Any CPU
		{948BB32D-BAB8-485D-8A6F-BE5391E824A3}.Release|Any CPU.ActiveCfg = Release|Any CPU
		{948BB32D-BAB8-485D-8A6F-BE5391E824A3}.Release|Any CPU.Build.0 = Release|Any CPU
		{948BB32D-BAB8-485D-8A6F-BE5391E824A3}.Release|ARM.ActiveCfg = Release|Any CPU
		{948BB32D-BAB8-485D-8A6F-BE5391E824A3}.Release|ARM.Build.0 = Release|Any CPU
		{948BB32D-BAB8-485D-8A6F-BE5391E824A3}.Release|iPhone.ActiveCfg = Release|Any CPU
		{948BB32D-BAB8-485D-8A6F-BE5391E824A3}.Release|iPhone.Build.0 = Release|Any CPU
		{948BB32D-BAB8-485D-8A6F-BE5391E824A3}.Release|iPhoneSimulator.ActiveCfg = Release|Any CPU
		{948BB32D-BAB8-485D-8A6F-BE5391E824A3}.Release|iPhoneSimulator.Build.0 = Release|Any CPU
		{948BB32D-BAB8-485D-8A6F-BE5391E824A3}.Release|x64.ActiveCfg = Release|Any CPU
		{948BB32D-BAB8-485D-8A6F-BE5391E824A3}.Release|x64.Build.0 = Release|Any CPU
		{948BB32D-BAB8-485D-8A6F-BE5391E824A3}.Release|x86.ActiveCfg = Release|Any CPU
		{948BB32D-BAB8-485D-8A6F-BE5391E824A3}.Release|x86.Build.0 = Release|Any CPU
	EndGlobalSection
	GlobalSection(SolutionProperties) = preSolution
		HideSolutionNode = FALSE
	EndGlobalSection
	GlobalSection(ExtensibilityGlobals) = postSolution
		SolutionGuid = {C7A36C8E-CA5F-4159-BA0A-A70FA6845C9A}
	EndGlobalSection
EndGlobal
